
Microsoft Visual Studio Solution File, Format Version 12.00
# Visual Studio 15
VisualStudioVersion = 15.0.28010.2041
MinimumVisualStudioVersion = 10.0.40219.1
Project("{FAE04EC0-301F-11D3-BF4B-00C04F79EFBC}") = "Hello", "Hello\Hello.csproj", "{F122AC02-67B9-4730-B53E-E4F2CAA3E46D}"
EndProject
Project("{FAE04EC0-301F-11D3-BF4B-00C04F79EFBC}") = "StudentDiary", "StudentDiary\StudentDiary.csproj", "{577400B8-0D56-4258-AC05-519A3785A405}"
EndProject
Global
	GlobalSection(SolutionConfigurationPlatforms) = preSolution
		Debug|Any CPU = Debug|Any CPU
		Release|Any CPU = Release|Any CPU
	EndGlobalSection
	GlobalSection(ProjectConfigurationPlatforms) = postSolution
		{F122AC02-67B9-4730-B53E-E4F2CAA3E46D}.Debug|Any CPU.ActiveCfg = Debug|Any CPU
		{F122AC02-67B9-4730-B53E-E4F2CAA3E46D}.Debug|Any CPU.Build.0 = Debug|Any CPU
		{F122AC02-67B9-4730-B53E-E4F2CAA3E46D}.Release|Any CPU.ActiveCfg = Release|Any CPU
		{F122AC02-67B9-4730-B53E-E4F2CAA3E46D}.Release|Any CPU.Build.0 = Release|Any CPU
		{577400B8-0D56-4258-AC05-519A3785A405}.Debug|Any CPU.ActiveCfg = Debug|Any CPU
		{577400B8-0D56-4258-AC05-519A3785A405}.Debug|Any CPU.Build.0 = Debug|Any CPU
		{577400B8-0D56-4258-AC05-519A3785A405}.Release|Any CPU.ActiveCfg = Release|Any CPU
		{577400B8-0D56-4258-AC05-519A3785A405}.Release|Any CPU.Build.0 = Release|Any CPU
	EndGlobalSection
	GlobalSection(SolutionProperties) = preSolution
		HideSolutionNode = FALSE
	EndGlobalSection
	GlobalSection(ExtensibilityGlobals) = postSolution
		SolutionGuid = {F7E37947-E659-4463-9878-8EC43823F862}
	EndGlobalSection
EndGlobal
